// !$*UTF8*$!
{
	archiveVersion = 1;
	classes = {
	};
	objectVersion = 77;
	objects = {

/* Begin PBXContainerItemProxy section */
		74543B0B2DB95DEC00FD2F6F /* PBXContainerItemProxy */ = {
			isa = PBXContainerItemProxy;
			containerPortal = 74543AF22DB95DE900FD2F6F /* Project object */;
			proxyType = 1;
			remoteGlobalIDString = 74543AF92DB95DE900FD2F6F;
			remoteInfo = "Mood Music";
		};
		74543B152DB95DEC00FD2F6F /* PBXContainerItemProxy */ = {
			isa = PBXContainerItemProxy;
			containerPortal = 74543AF22DB95DE900FD2F6F /* Project object */;
			proxyType = 1;
			remoteGlobalIDString = 74543AF92DB95DE900FD2F6F;
			remoteInfo = "Mood Music";
		};
/* End PBXContainerItemProxy section */

/* Begin PBXFileReference section */
		74543AFA2DB95DE900FD2F6F /* Mood Music.app */ = {isa = PBXFileReference; explicitFileType = wrapper.application; includeInIndex = 0; path = "Mood Music.app"; sourceTree = BUILT_PRODUCTS_DIR; };
		74543B0A2DB95DEC00FD2F6F /* Mood MusicTests.xctest */ = {isa = PBXFileReference; explicitFileType = wrapper.cfbundle; includeInIndex = 0; path = "Mood MusicTests.xctest"; sourceTree = BUILT_PRODUCTS_DIR; };
		74543B142DB95DEC00FD2F6F /* Mood MusicUITests.xctest */ = {isa = PBXFileReference; explicitFileType = wrapper.cfbundle; includeInIndex = 0; path = "Mood MusicUITests.xctest"; sourceTree = BUILT_PRODUCTS_DIR; };
/* End PBXFileReference section */

/* Begin PBXFileSystemSynchronizedRootGroup section */
		74543AFC2DB95DE900FD2F6F /* Mood Music */ = {
			isa = PBXFileSystemSynchronizedRootGroup;
			path = "Mood Music";
			sourceTree = "<group>";
		};
		74543B0D2DB95DEC00FD2F6F /* Mood MusicTests */ = {
			isa = PBXFileSystemSynchronizedRootGroup;
			path = "Mood MusicTests";
			sourceTree = "<group>";
		};
		74543B172DB95DEC00FD2F6F /* Mood MusicUITests */ = {
			isa = PBXFileSystemSynchronizedRootGroup;
			path = "Mood MusicUITests";
			sourceTree = "<group>";
		};
/* End PBXFileSystemSynchronizedRootGroup section */

/* Begin PBXFrameworksBuildPhase section */
		74543AF72DB95DE900FD2F6F /* Frameworks */ = {
			isa = PBXFrameworksBuildPhase;
			buildActionMask = 2147483647;
			files = (
			);
			runOnlyForDeploymentPostprocessing = 0;
		};
		74543B072DB95DEC00FD2F6F /* Frameworks */ = {
			isa = PBXFrameworksBuildPhase;
			buildActionMask = 2147483647;
			files = (
			);
			runOnlyForDeploymentPostprocessing = 0;
		};
		74543B112DB95DEC00FD2F6F /* Frameworks */ = {
			isa = PBXFrameworksBuildPhase;
			buildActionMask = 2147483647;
			files = (
			);
			runOnlyForDeploymentPostprocessing = 0;
		};
/* End PBXFrameworksBuildPhase section */

/* Begin PBXGroup section */
		74543AF12DB95DE900FD2F6F = {
			isa = PBXGroup;
			children = (
				74543AFC2DB95DE900FD2F6F /* Mood Music */,
				74543B0D2DB95DEC00FD2F6F /* Mood MusicTests */,
				74543B172DB95DEC00FD2F6F /* Mood MusicUITests */,
				74543AFB2DB95DE900FD2F6F /* Products */,
			);
			sourceTree = "<group>";
		};
		74543AFB2DB95DE900FD2F6F /* Products */ = {
			isa = PBXGroup;
			children = (
				74543AFA2DB95DE900FD2F6F /* Mood Music.app */,
				74543B0A2DB95DEC00FD2F6F /* Mood MusicTests.xctest */,
				74543B142DB95DEC00FD2F6F /* Mood MusicUITests.xctest */,
			);
			name = Products;
			sourceTree = "<group>";
		};
/* End PBXGroup section */

/* Begin PBXNativeTarget section */
		74543AF92DB95DE900FD2F6F /* Mood Music */ = {
			isa = PBXNativeTarget;
			buildConfigurationList = 74543B1E2DB95DED00FD2F6F /* Build configuration list for PBXNativeTarget "Mood Music" */;
			buildPhases = (
				74543AF62DB95DE900FD2F6F /* Sources */,
				74543AF72DB95DE900FD2F6F /* Frameworks */,
				74543AF82DB95DE900FD2F6F /* Resources */,
			);
			buildRules = (
			);
			dependencies = (
			);
			fileSystemSynchronizedGroups = (
				74543AFC2DB95DE900FD2F6F /* Mood Music */,
			);
			name = "Mood Music";
			packageProductDependencies = (
			);
			productName = "Mood Music";
			productReference = 74543AFA2DB95DE900FD2F6F /* Mood Music.app */;
			productType = "com.apple.product-type.application";
		};
		74543B092DB95DEC00FD2F6F /* Mood MusicTests */ = {
			isa = PBXNativeTarget;
			buildConfigurationList = 74543B212DB95DED00FD2F6F /* Build configuration list for PBXNativeTarget "Mood MusicTests" */;
			buildPhases = (
				74543B062DB95DEC00FD2F6F /* Sources */,
				74543B072DB95DEC00FD2F6F /* Frameworks */,
				74543B082DB95DEC00FD2F6F /* Resources */,
			);
			buildRules = (
			);
			dependencies = (
				74543B0C2DB95DEC00FD2F6F /* PBXTargetDependency */,
			);
			fileSystemSynchronizedGroups = (
				74543B0D2DB95DEC00FD2F6F /* Mood MusicTests */,
			);
			name = "Mood MusicTests";
			packageProductDependencies = (
			);
			productName = "Mood MusicTests";
			productReference = 74543B0A2DB95DEC00FD2F6F /* Mood MusicTests.xctest */;
			productType = "com.apple.product-type.bundle.unit-test";
		};
		74543B132DB95DEC00FD2F6F /* Mood MusicUITests */ = {
			isa = PBXNativeTarget;
			buildConfigurationList = 74543B242DB95DED00FD2F6F /* Build configuration list for PBXNativeTarget "Mood MusicUITests" */;
			buildPhases = (
				74543B102DB95DEC00FD2F6F /* Sources */,
				74543B112DB95DEC00FD2F6F /* Frameworks */,
				74543B122DB95DEC00FD2F6F /* Resources */,
			);
			buildRules = (
			);
			dependencies = (
				74543B162DB95DEC00FD2F6F /* PBXTargetDependency */,
			);
			fileSystemSynchronizedGroups = (
				74543B172DB95DEC00FD2F6F /* Mood MusicUITests */,
			);
			name = "Mood MusicUITests";
			packageProductDependencies = (
			);
			productName = "Mood MusicUITests";
			productReference = 74543B142DB95DEC00FD2F6F /* Mood MusicUITests.xctest */;
			productType = "com.apple.product-type.bundle.ui-testing";
		};
/* End PBXNativeTarget section */

/* Begin PBXProject section */
		74543AF22DB95DE900FD2F6F /* Project object */ = {
			isa = PBXProject;
			attributes = {
				BuildIndependentTargetsInParallel = 1;
				LastSwiftUpdateCheck = 1620;
				LastUpgradeCheck = 1620;
				TargetAttributes = {
					74543AF92DB95DE900FD2F6F = {
						CreatedOnToolsVersion = 16.2;
					};
					74543B092DB95DEC00FD2F6F = {
						CreatedOnToolsVersion = 16.2;
						TestTargetID = 74543AF92DB95DE900FD2F6F;
					};
					74543B132DB95DEC00FD2F6F = {
						CreatedOnToolsVersion = 16.2;
						TestTargetID = 74543AF92DB95DE900FD2F6F;
					};
				};
			};
			buildConfigurationList = 74543AF52DB95DE900FD2F6F /* Build configuration list for PBXProject "Mood Music" */;
			developmentRegion = en;
			hasScannedForEncodings = 0;
			knownRegions = (
				en,
				Base,
			);
			mainGroup = 74543AF12DB95DE900FD2F6F;
			minimizedProjectReferenceProxies = 1;
			preferredProjectObjectVersion = 77;
			productRefGroup = 74543AFB2DB95DE900FD2F6F /* Products */;
			projectDirPath = "";
			projectRoot = "";
			targets = (
				74543AF92DB95DE900FD2F6F /* Mood Music */,
				74543B092DB95DEC00FD2F6F /* Mood MusicTests */,
				74543B132DB95DEC00FD2F6F /* Mood MusicUITests */,
			);
		};
/* End PBXProject section */

/* Begin PBXResourcesBuildPhase section */
		74543AF82DB95DE900FD2F6F /* Resources */ = {
			isa = PBXResourcesBuildPhase;
			buildActionMask = 2147483647;
			files = (
			);
			runOnlyForDeploymentPostprocessing = 0;
		};
		74543B082DB95DEC00FD2F6F /* Resources */ = {
			isa = PBXResourcesBuildPhase;
			buildActionMask = 2147483647;
			files = (
			);
			runOnlyForDeploymentPostprocessing = 0;
		};
		74543B122DB95DEC00FD2F6F /* Resources */ = {
			isa = PBXResourcesBuildPhase;
			buildActionMask = 2147483647;
			files = (
			);
			runOnlyForDeploymentPostprocessing = 0;
		};
/* End PBXResourcesBuildPhase section */

/* Begin PBXSourcesBuildPhase section */
		74543AF62DB95DE900FD2F6F /* Sources */ = {
			isa = PBXSourcesBuildPhase;
			buildActionMask = 2147483647;
			files = (
			);
			runOnlyForDeploymentPostprocessing = 0;
		};
		74543B062DB95DEC00FD2F6F /* Sources */ = {
			isa = PBXSourcesBuildPhase;
			buildActionMask = 2147483647;
			files = (
			);
			runOnlyForDeploymentPostprocessing = 0;
		};
		74543B102DB95DEC00FD2F6F /* Sources */ = {
			isa = PBXSourcesBuildPhase;
			buildActionMask = 2147483647;
			files = (
			);
			runOnlyForDeploymentPostprocessing = 0;
		};
/* End PBXSourcesBuildPhase section */

/* Begin PBXTargetDependency section */
		74543B0C2DB95DEC00FD2F6F /* PBXTargetDependency */ = {
			isa = PBXTargetDependency;
			target = 74543AF92DB95DE900FD2F6F /* Mood Music */;
			targetProxy = 74543B0B2DB95DEC00FD2F6F /* PBXContainerItemProxy */;
		};
		74543B162DB95DEC00FD2F6F /* PBXTargetDependency */ = {
			isa = PBXTargetDependency;
			target = 74543AF92DB95DE900FD2F6F /* Mood Music */;
			targetProxy = 74543B152DB95DEC00FD2F6F /* PBXContainerItemProxy */;
		};
/* End PBXTargetDependency section */

/* Begin XCBuildConfiguration section */
		74543B1C2DB95DEC00FD2F6F /* Debug */ = {
			isa = XCBuildConfiguration;
			buildSettings = {
				ALWAYS_SEARCH_USER_PATHS = NO;
				ASSETCATALOG_COMPILER_GENERATE_SWIFT_ASSET_SYMBOL_EXTENSIONS = YES;
				CLANG_ANALYZER_NONNULL = YES;
				CLANG_ANALYZER_NUMBER_OBJECT_CONVERSION = YES_AGGRESSIVE;
				CLANG_CXX_LANGUAGE_STANDARD = "gnu++20";
				CLANG_ENABLE_MODULES = YES;
				CLANG_ENABLE_OBJC_ARC = YES;
				CLANG_ENABLE_OBJC_WEAK = YES;
				CLANG_WARN_BLOCK_CAPTURE_AUTORELEASING = YES;
				CLANG_WARN_BOOL_CONVERSION = YES;
				CLANG_WARN_COMMA = YES;
				CLANG_WARN_CONSTANT_CONVERSION = YES;
				CLANG_WARN_DEPRECATED_OBJC_IMPLEMENTATIONS = YES;
				CLANG_WARN_DIRECT_OBJC_ISA_USAGE = YES_ERROR;
				CLANG_WARN_DOCUMENTATION_COMMENTS = YES;
				CLANG_WARN_EMPTY_BODY = YES;
				CLANG_WARN_ENUM_CONVERSION = YES;
				CLANG_WARN_INFINITE_RECURSION = YES;
				CLANG_WARN_INT_CONVERSION = YES;
				CLANG_WARN_NON_LITERAL_NULL_CONVERSION = YES;
				CLANG_WARN_OBJC_IMPLICIT_RETAIN_SELF = YES;
				CLANG_WARN_OBJC_LITERAL_CONVERSION = YES;
				CLANG_WARN_OBJC_ROOT_CLASS = YES_ERROR;
				CLANG_WARN_QUOTED_INCLUDE_IN_FRAMEWORK_HEADER = YES;
				CLANG_WARN_RANGE_LOOP_ANALYSIS = YES;
				CLANG_WARN_STRICT_PROTOTYPES = YES;
				CLANG_WARN_SUSPICIOUS_MOVE = YES;
				CLANG_WARN_UNGUARDED_AVAILABILITY = YES_AGGRESSIVE;
				CLANG_WARN_UNREACHABLE_CODE = YES;
				CLANG_WARN__DUPLICATE_METHOD_MATCH = YES;
				COPY_PHASE_STRIP = NO;
				DEBUG_INFORMATION_FORMAT = dwarf;
				ENABLE_STRICT_OBJC_MSGSEND = YES;
				ENABLE_TESTABILITY = YES;
				ENABLE_USER_SCRIPT_SANDBOXING = YES;
				GCC_C_LANGUAGE_STANDARD = gnu17;
				GCC_DYNAMIC_NO_PIC = NO;
				GCC_NO_COMMON_BLOCKS = YES;
				GCC_OPTIMIZATION_LEVEL = 0;
				GCC_PREPROCESSOR_DEFINITIONS = (
					"DEBUG=1",
					"$(inherited)",
				);
				GCC_WARN_64_TO_32_BIT_CONVERSION = YES;
				GCC_WARN_ABOUT_RETURN_TYPE = YES_ERROR;
				GCC_WARN_UNDECLARED_SELECTOR = YES;
				GCC_WARN_UNINITIALIZED_AUTOS = YES_AGGRESSIVE;
				GCC_WARN_UNUSED_FUNCTION = YES;
				GCC_WARN_UNUSED_VARIABLE = YES;
				IPHONEOS_DEPLOYMENT_TARGET = 18.2;
				LOCALIZATION_PREFERS_STRING_CATALOGS = YES;
				MTL_ENABLE_DEBUG_INFO = INCLUDE_SOURCE;
				MTL_FAST_MATH = YES;
				ONLY_ACTIVE_ARCH = YES;
				SDKROOT = iphoneos;
				SWIFT_ACTIVE_COMPILATION_CONDITIONS = "DEBUG $(inherited)";
				SWIFT_OPTIMIZATION_LEVEL = "-Onone";
			};
			name = Debug;
		};
		74543B1D2DB95DEC00FD2F6F /* Release */ = {
			isa = XCBuildConfiguration;
			buildSettings = {
				ALWAYS_SEARCH_USER_PATHS = NO;
				ASSETCATALOG_COMPILER_GENERATE_SWIFT_ASSET_SYMBOL_EXTENSIONS = YES;
				CLANG_ANALYZER_NONNULL = YES;
				CLANG_ANALYZER_NUMBER_OBJECT_CONVERSION = YES_AGGRESSIVE;
				CLANG_CXX_LANGUAGE_STANDARD = "gnu++20";
				CLANG_ENABLE_MODULES = YES;
				CLANG_ENABLE_OBJC_ARC = YES;
				CLANG_ENABLE_OBJC_WEAK = YES;
				CLANG_WARN_BLOCK_CAPTURE_AUTORELEASING = YES;
				CLANG_WARN_BOOL_CONVERSION = YES;
				CLANG_WARN_COMMA = YES;
				CLANG_WARN_CONSTANT_CONVERSION = YES;
				CLANG_WARN_DEPRECATED_OBJC_IMPLEMENTATIONS = YES;
				CLANG_WARN_DIRECT_OBJC_ISA_USAGE = YES_ERROR;
				CLANG_WARN_DOCUMENTATION_COMMENTS = YES;
				CLANG_WARN_EMPTY_BODY = YES;
				CLANG_WARN_ENUM_CONVERSION = YES;
				CLANG_WARN_INFINITE_RECURSION = YES;
				CLANG_WARN_INT_CONVERSION = YES;
				CLANG_WARN_NON_LITERAL_NULL_CONVERSION = YES;
				CLANG_WARN_OBJC_IMPLICIT_RETAIN_SELF = YES;
				CLANG_WARN_OBJC_LITERAL_CONVERSION = YES;
				CLANG_WARN_OBJC_ROOT_CLASS = YES_ERROR;
				CLANG_WARN_QUOTED_INCLUDE_IN_FRAMEWORK_HEADER = YES;
				CLANG_WARN_RANGE_LOOP_ANALYSIS = YES;
				CLANG_WARN_STRICT_PROTOTYPES = YES;
				CLANG_WARN_SUSPICIOUS_MOVE = YES;
				CLANG_WARN_UNGUARDED_AVAILABILITY = YES_AGGRESSIVE;
				CLANG_WARN_UNREACHABLE_CODE = YES;
				CLANG_WARN__DUPLICATE_METHOD_MATCH = YES;
				COPY_PHASE_STRIP = NO;
				DEBUG_INFORMATION_FORMAT = "dwarf-with-dsym";
				ENABLE_NS_ASSERTIONS = NO;
				ENABLE_STRICT_OBJC_MSGSEND = YES;
				ENABLE_USER_SCRIPT_SANDBOXING = YES;
				GCC_C_LANGUAGE_STANDARD = gnu17;
				GCC_NO_COMMON_BLOCKS = YES;
				GCC_WARN_64_TO_32_BIT_CONVERSION = YES;
				GCC_WARN_ABOUT_RETURN_TYPE = YES_ERROR;
				GCC_WARN_UNDECLARED_SELECTOR = YES;
				GCC_WARN_UNINITIALIZED_AUTOS = YES_AGGRESSIVE;
				GCC_WARN_UNUSED_FUNCTION = YES;
				GCC_WARN_UNUSED_VARIABLE = YES;
				IPHONEOS_DEPLOYMENT_TARGET = 18.2;
				LOCALIZATION_PREFERS_STRING_CATALOGS = YES;
				MTL_ENABLE_DEBUG_INFO = NO;
				MTL_FAST_MATH = YES;
				SDKROOT = iphoneos;
				SWIFT_COMPILATION_MODE = wholemodule;
				VALIDATE_PRODUCT = YES;
			};
			name = Release;
		};
		74543B1F2DB95DED00FD2F6F /* Debug */ = {
			isa = XCBuildConfiguration;
			buildSettings = {
				ASSETCATALOG_COMPILER_APPICON_NAME = AppIcon;
				ASSETCATALOG_COMPILER_GLOBAL_ACCENT_COLOR_NAME = AccentColor;
				CODE_SIGN_STYLE = Automatic;
				CURRENT_PROJECT_VERSION = 1;
				DEVELOPMENT_ASSET_PATHS = "\"Mood Music/Preview Content\"";
				ENABLE_PREVIEWS = YES;
				GENERATE_INFOPLIST_FILE = YES;
				INFOPLIST_FILE = "Mood-Music-Info.plist";
				INFOPLIST_KEY_UIApplicationSceneManifest_Generation = YES;
				INFOPLIST_KEY_UIApplicationSupportsIndirectInputEvents = YES;
				INFOPLIST_KEY_UILaunchScreen_Generation = YES;
				INFOPLIST_KEY_UISupportedInterfaceOrientations_iPad = "UIInterfaceOrientationPortrait UIInterfaceOrientationPortraitUpsideDown UIInterfaceOrientationLandscapeLeft UIInterfaceOrientationLandscapeRight";
				INFOPLIST_KEY_UISupportedInterfaceOrientations_iPhone = "UIInterfaceOrientationPortrait UIInterfaceOrientationLandscapeLeft UIInterfaceOrientationLandscapeRight";
				LD_RUNPATH_SEARCH_PATHS = (
					"$(inherited)",
					"@executable_path/Frameworks",
				);
				MARKETING_VERSION = 1.0;
				PRODUCT_BUNDLE_IDENTIFIER = "abc.Mood-Music";
				PRODUCT_NAME = "$(TARGET_NAME)";
				SWIFT_EMIT_LOC_STRINGS = YES;
				SWIFT_VERSION = 5.0;
				TARGETED_DEVICE_FAMILY = "1,2";
			};
			name = Debug;
		};
		74543B202DB95DED00FD2F6F /* Release */ = {
			isa = XCBuildConfiguration;
			buildSettings = {
				ASSETCATALOG_COMPILER_APPICON_NAME = AppIcon;
				ASSETCATALOG_COMPILER_GLOBAL_ACCENT_COLOR_NAME = AccentColor;
				CODE_SIGN_STYLE = Automatic;
				CURRENT_PROJECT_VERSION = 1;
				DEVELOPMENT_ASSET_PATHS = "\"Mood Music/Preview Content\"";
				ENABLE_PREVIEWS = YES;
				GENERATE_INFOPLIST_FILE = YES;
				INFOPLIST_FILE = "Mood-Music-Info.plist";
				INFOPLIST_KEY_UIApplicationSceneManifest_Generation = YES;
				INFOPLIST_KEY_UIApplicationSupportsIndirectInputEvents = YES;
				INFOPLIST_KEY_UILaunchScreen_Generation = YES;
				INFOPLIST_KEY_UISupportedInterfaceOrientations_iPad = "UIInterfaceOrientationPortrait UIInterfaceOrientationPortraitUpsideDown UIInterfaceOrientationLandscapeLeft UIInterfaceOrientationLandscapeRight";
				INFOPLIST_KEY_UISupportedInterfaceOrientations_iPhone = "UIInterfaceOrientationPortrait UIInterfaceOrientationLandscapeLeft UIInterfaceOrientationLandscapeRight";
				LD_RUNPATH_SEARCH_PATHS = (
					"$(inherited)",
					"@executable_path/Frameworks",
				);
				MARKETING_VERSION = 1.0;
				PRODUCT_BUNDLE_IDENTIFIER = "abc.Mood-Music";
				PRODUCT_NAME = "$(TARGET_NAME)";
				SWIFT_EMIT_LOC_STRINGS = YES;
				SWIFT_VERSION = 5.0;
				TARGETED_DEVICE_FAMILY = "1,2";
			};
			name = Release;
		};
		74543B222DB95DED00FD2F6F /* Debug */ = {
			isa = XCBuildConfiguration;
			buildSettings = {
				BUNDLE_LOADER = "$(TEST_HOST)";
				CODE_SIGN_STYLE = Automatic;
				CURRENT_PROJECT_VERSION = 1;
				GENERATE_INFOPLIST_FILE = YES;
				IPHONEOS_DEPLOYMENT_TARGET = 18.2;
				MARKETING_VERSION = 1.0;
				PRODUCT_BUNDLE_IDENTIFIER = "abc.Mood-MusicTests";
				PRODUCT_NAME = "$(TARGET_NAME)";
				SWIFT_EMIT_LOC_STRINGS = NO;
				SWIFT_VERSION = 5.0;
				TARGETED_DEVICE_FAMILY = "1,2";
				TEST_HOST = "$(BUILT_PRODUCTS_DIR)/Mood Music.app/$(BUNDLE_EXECUTABLE_FOLDER_PATH)/Mood Music";
			};
			name = Debug;
		};
		74543B232DB95DED00FD2F6F /* Release */ = {
			isa = XCBuildConfiguration;
			buildSettings = {
				BUNDLE_LOADER = "$(TEST_HOST)";
				CODE_SIGN_STYLE = Automatic;
				CURRENT_PROJECT_VERSION = 1;
				GENERATE_INFOPLIST_FILE = YES;
				IPHONEOS_DEPLOYMENT_TARGET = 18.2;
				MARKETING_VERSION = 1.0;
				PRODUCT_BUNDLE_IDENTIFIER = "abc.Mood-MusicTests";
				PRODUCT_NAME = "$(TARGET_NAME)";
				SWIFT_EMIT_LOC_STRINGS = NO;
				SWIFT_VERSION = 5.0;
				TARGETED_DEVICE_FAMILY = "1,2";
				TEST_HOST = "$(BUILT_PRODUCTS_DIR)/Mood Music.app/$(BUNDLE_EXECUTABLE_FOLDER_PATH)/Mood Music";
			};
			name = Release;
		};
		74543B252DB95DED00FD2F6F /* Debug */ = {
			isa = XCBuildConfiguration;
			buildSettings = {
				CODE_SIGN_STYLE = Automatic;
				CURRENT_PROJECT_VERSION = 1;
				GENERATE_INFOPLIST_FILE = YES;
				MARKETING_VERSION = 1.0;
				PRODUCT_BUNDLE_IDENTIFIER = "abc.Mood-MusicUITests";
				PRODUCT_NAME = "$(TARGET_NAME)";
				SWIFT_EMIT_LOC_STRINGS = NO;
				SWIFT_VERSION = 5.0;
				TARGETED_DEVICE_FAMILY = "1,2";
				TEST_TARGET_NAME = "Mood Music";
			};
			name = Debug;
		};
		74543B262DB95DED00FD2F6F /* Release */ = {
			isa = XCBuildConfiguration;
			buildSettings = {
				CODE_SIGN_STYLE = Automatic;
				CURRENT_PROJECT_VERSION = 1;
				GENERATE_INFOPLIST_FILE = YES;
				MARKETING_VERSION = 1.0;
				PRODUCT_BUNDLE_IDENTIFIER = "abc.Mood-MusicUITests";
				PRODUCT_NAME = "$(TARGET_NAME)";
				SWIFT_EMIT_LOC_STRINGS = NO;
				SWIFT_VERSION = 5.0;
				TARGETED_DEVICE_FAMILY = "1,2";
				TEST_TARGET_NAME = "Mood Music";
			};
			name = Release;
		};
/* End XCBuildConfiguration section */

/* Begin XCConfigurationList section */
		74543AF52DB95DE900FD2F6F /* Build configuration list for PBXProject "Mood Music" */ = {
			isa = XCConfigurationList;
			buildConfigurations = (
				74543B1C2DB95DEC00FD2F6F /* Debug */,
				74543B1D2DB95DEC00FD2F6F /* Release */,
			);
			defaultConfigurationIsVisible = 0;
			defaultConfigurationName = Release;
		};
		74543B1E2DB95DED00FD2F6F /* Build configuration list for PBXNativeTarget "Mood Music" */ = {
			isa = XCConfigurationList;
			buildConfigurations = (
				74543B1F2DB95DED00FD2F6F /* Debug */,
				74543B202DB95DED00FD2F6F /* Release */,
			);
			defaultConfigurationIsVisible = 0;
			defaultConfigurationName = Release;
		};
		74543B212DB95DED00FD2F6F /* Build configuration list for PBXNativeTarget "Mood MusicTests" */ = {
			isa = XCConfigurationList;
			buildConfigurations = (
				74543B222DB95DED00FD2F6F /* Debug */,
				74543B232DB95DED00FD2F6F /* Release */,
			);
			defaultConfigurationIsVisible = 0;
			defaultConfigurationName = Release;
		};
		74543B242DB95DED00FD2F6F /* Build configuration list for PBXNativeTarget "Mood MusicUITests" */ = {
			isa = XCConfigurationList;
			buildConfigurations = (
				74543B252DB95DED00FD2F6F /* Debug */,
				74543B262DB95DED00FD2F6F /* Release */,
			);
			defaultConfigurationIsVisible = 0;
			defaultConfigurationName = Release;
		};
/* End XCConfigurationList section */
	};
	rootObject = 74543AF22DB95DE900FD2F6F /* Project object */;
}
